
Microsoft Visual Studio Solution File, Format Version 12.00
# Visual Studio 14
VisualStudioVersion = 14.0.24720.0
MinimumVisualStudioVersion = 10.0.40219.1
Project("{151D2E53-A2C4-4D7D-83FE-D05416EBD58E}") = "AzureWebApp.WordPressTemplate", "AzureWebApp.WordPressTemplate\AzureWebApp.WordPressTemplate.deployproj", "{D83C3CB9-4916-4354-9268-5E42E22E0CE1}"
EndProject
Global
	GlobalSection(SolutionConfigurationPlatforms) = preSolution
		Debug|Any CPU = Debug|Any CPU
		Release|Any CPU = Release|Any CPU
	EndGlobalSection
	GlobalSection(ProjectConfigurationPlatforms) = postSolution
		{D83C3CB9-4916-4354-9268-5E42E22E0CE1}.Debug|Any CPU.ActiveCfg = Debug|Any CPU
		{D83C3CB9-4916-4354-9268-5E42E22E0CE1}.Debug|Any CPU.Build.0 = Debug|Any CPU
		{D83C3CB9-4916-4354-9268-5E42E22E0CE1}.Release|Any CPU.ActiveCfg = Release|Any CPU
		{D83C3CB9-4916-4354-9268-5E42E22E0CE1}.Release|Any CPU.Build.0 = Release|Any CPU
	EndGlobalSection
	GlobalSection(SolutionProperties) = preSolution
		HideSolutionNode = FALSE
	EndGlobalSection
EndGlobal
